<Solution>
  <Folder Name="/Solution Items/">
    <File Path=".gitattributes" />
    <File Path=".gitignore" />
    <File Path="LICENSE.txt" />
  </Folder>
  <Project Path="Ears.Parser.Tests/Ears.Parser.Tests.fsproj" />
  <Project Path="Ears.Parser/Ears.Parser.fsproj" />
  <Project Path="Ears.Web/src/Ears.Web.fsproj" />
</Solution>
